
Microsoft Visual Studio Solution File, Format Version 12.00
# Visual Studio Version 17
VisualStudioVersion = 17.0.32014.148
MinimumVisualStudioVersion = 10.0.40219.1
Project("{FAE04EC0-301F-11D3-BF4B-00C04F79EFBC}") = "Ejercicio_I06_Clase2", "Ejercicio_I06_Clase2\Ejercicio_I06_Clase2.csproj", "{9BBC9D72-57D6-4A0E-AA32-F5A5E8ADC45A}"
EndProject
Project("{FAE04EC0-301F-11D3-BF4B-00C04F79EFBC}") = "Biblioteca", "Biblioteca\Biblioteca.csproj", "{99B42C7B-3AA4-4755-8740-AC3046C09E85}"
EndProject
Global
	GlobalSection(SolutionConfigurationPlatforms) = preSolution
		Debug|Any CPU = Debug|Any CPU
		Release|Any CPU = Release|Any CPU
	EndGlobalSection
	GlobalSection(ProjectConfigurationPlatforms) = postSolution
		{9BBC9D72-57D6-4A0E-AA32-F5A5E8ADC45A}.Debug|Any CPU.ActiveCfg = Debug|Any CPU
		{9BBC9D72-57D6-4A0E-AA32-F5A5E8ADC45A}.Debug|Any CPU.Build.0 = Debug|Any CPU
		{9BBC9D72-57D6-4A0E-AA32-F5A5E8ADC45A}.Release|Any CPU.ActiveCfg = Release|Any CPU
		{9BBC9D72-57D6-4A0E-AA32-F5A5E8ADC45A}.Release|Any CPU.Build.0 = Release|Any CPU
		{99B42C7B-3AA4-4755-8740-AC3046C09E85}.Debug|Any CPU.ActiveCfg = Debug|Any CPU
		{99B42C7B-3AA4-4755-8740-AC3046C09E85}.Debug|Any CPU.Build.0 = Debug|Any CPU
		{99B42C7B-3AA4-4755-8740-AC3046C09E85}.Release|Any CPU.ActiveCfg = Release|Any CPU
		{99B42C7B-3AA4-4755-8740-AC3046C09E85}.Release|Any CPU.Build.0 = Release|Any CPU
	EndGlobalSection
	GlobalSection(SolutionProperties) = preSolution
		HideSolutionNode = FALSE
	EndGlobalSection
	GlobalSection(ExtensibilityGlobals) = postSolution
		SolutionGuid = {B5302571-7241-405A-869F-277EFC1A61E7}
	EndGlobalSection
EndGlobal
