
Microsoft Visual Studio Solution File, Format Version 12.00
# Visual Studio Version 17
VisualStudioVersion = 17.0.32014.148
MinimumVisualStudioVersion = 10.0.40219.1
Project("{FAE04EC0-301F-11D3-BF4B-00C04F79EFBC}") = "Ejercicio_I05_Clase2", "Ejercicio_I05_Clase2\Ejercicio_I05_Clase2.csproj", "{BDE53BE3-FA7E-4B28-80DE-C4D21D851DC5}"
EndProject
Project("{FAE04EC0-301F-11D3-BF4B-00C04F79EFBC}") = "Biblioteca", "Biblioteca\Biblioteca.csproj", "{8B64FF12-C8FA-4D9C-AB7F-AFBC6549734E}"
EndProject
Global
	GlobalSection(SolutionConfigurationPlatforms) = preSolution
		Debug|Any CPU = Debug|Any CPU
		Release|Any CPU = Release|Any CPU
	EndGlobalSection
	GlobalSection(ProjectConfigurationPlatforms) = postSolution
		{BDE53BE3-FA7E-4B28-80DE-C4D21D851DC5}.Debug|Any CPU.ActiveCfg = Debug|Any CPU
		{BDE53BE3-FA7E-4B28-80DE-C4D21D851DC5}.Debug|Any CPU.Build.0 = Debug|Any CPU
		{BDE53BE3-FA7E-4B28-80DE-C4D21D851DC5}.Release|Any CPU.ActiveCfg = Release|Any CPU
		{BDE53BE3-FA7E-4B28-80DE-C4D21D851DC5}.Release|Any CPU.Build.0 = Release|Any CPU
		{8B64FF12-C8FA-4D9C-AB7F-AFBC6549734E}.Debug|Any CPU.ActiveCfg = Debug|Any CPU
		{8B64FF12-C8FA-4D9C-AB7F-AFBC6549734E}.Debug|Any CPU.Build.0 = Debug|Any CPU
		{8B64FF12-C8FA-4D9C-AB7F-AFBC6549734E}.Release|Any CPU.ActiveCfg = Release|Any CPU
		{8B64FF12-C8FA-4D9C-AB7F-AFBC6549734E}.Release|Any CPU.Build.0 = Release|Any CPU
	EndGlobalSection
	GlobalSection(SolutionProperties) = preSolution
		HideSolutionNode = FALSE
	EndGlobalSection
	GlobalSection(ExtensibilityGlobals) = postSolution
		SolutionGuid = {0B04EA12-0349-4F31-90A5-2B558C0FA081}
	EndGlobalSection
EndGlobal
