
Microsoft Visual Studio Solution File, Format Version 12.00
# Visual Studio Version 17
VisualStudioVersion = 17.1.32328.378
MinimumVisualStudioVersion = 10.0.40219.1
Project("{FAE04EC0-301F-11D3-BF4B-00C04F79EFBC}") = "Ejercicio_I01_Clase7", "Ejercicio_I01_Clase7\Ejercicio_I01_Clase7.csproj", "{918DA3F2-9D44-4073-920A-124470EEAE4A}"
EndProject
Project("{FAE04EC0-301F-11D3-BF4B-00C04F79EFBC}") = "Biblioteca", "Biblioteca\Biblioteca.csproj", "{8A122297-AD23-4AEA-ACB2-1C44F5FFD36F}"
EndProject
Global
	GlobalSection(SolutionConfigurationPlatforms) = preSolution
		Debug|Any CPU = Debug|Any CPU
		Release|Any CPU = Release|Any CPU
	EndGlobalSection
	GlobalSection(ProjectConfigurationPlatforms) = postSolution
		{918DA3F2-9D44-4073-920A-124470EEAE4A}.Debug|Any CPU.ActiveCfg = Debug|Any CPU
		{918DA3F2-9D44-4073-920A-124470EEAE4A}.Debug|Any CPU.Build.0 = Debug|Any CPU
		{918DA3F2-9D44-4073-920A-124470EEAE4A}.Release|Any CPU.ActiveCfg = Release|Any CPU
		{918DA3F2-9D44-4073-920A-124470EEAE4A}.Release|Any CPU.Build.0 = Release|Any CPU
		{8A122297-AD23-4AEA-ACB2-1C44F5FFD36F}.Debug|Any CPU.ActiveCfg = Debug|Any CPU
		{8A122297-AD23-4AEA-ACB2-1C44F5FFD36F}.Debug|Any CPU.Build.0 = Debug|Any CPU
		{8A122297-AD23-4AEA-ACB2-1C44F5FFD36F}.Release|Any CPU.ActiveCfg = Release|Any CPU
		{8A122297-AD23-4AEA-ACB2-1C44F5FFD36F}.Release|Any CPU.Build.0 = Release|Any CPU
	EndGlobalSection
	GlobalSection(SolutionProperties) = preSolution
		HideSolutionNode = FALSE
	EndGlobalSection
	GlobalSection(ExtensibilityGlobals) = postSolution
		SolutionGuid = {D84F4B76-EE74-45A1-9A61-495F4258BF76}
	EndGlobalSection
EndGlobal
