
Microsoft Visual Studio Solution File, Format Version 12.00
# Visual Studio Version 17
VisualStudioVersion = 17.1.32328.378
MinimumVisualStudioVersion = 10.0.40219.1
Project("{FAE04EC0-301F-11D3-BF4B-00C04F79EFBC}") = "Ejercicio_I02_Clase3", "Ejercicio_I02_Clase3\Ejercicio_I02_Clase3.csproj", "{6DDD646E-47DD-4939-A637-07B9B1F39E51}"
EndProject
Project("{FAE04EC0-301F-11D3-BF4B-00C04F79EFBC}") = "Biblioteca", "Biblioteca\Biblioteca.csproj", "{8E437C6E-E782-47DE-9CA2-1515CC2B24F3}"
EndProject
Global
	GlobalSection(SolutionConfigurationPlatforms) = preSolution
		Debug|Any CPU = Debug|Any CPU
		Release|Any CPU = Release|Any CPU
	EndGlobalSection
	GlobalSection(ProjectConfigurationPlatforms) = postSolution
		{6DDD646E-47DD-4939-A637-07B9B1F39E51}.Debug|Any CPU.ActiveCfg = Debug|Any CPU
		{6DDD646E-47DD-4939-A637-07B9B1F39E51}.Debug|Any CPU.Build.0 = Debug|Any CPU
		{6DDD646E-47DD-4939-A637-07B9B1F39E51}.Release|Any CPU.ActiveCfg = Release|Any CPU
		{6DDD646E-47DD-4939-A637-07B9B1F39E51}.Release|Any CPU.Build.0 = Release|Any CPU
		{8E437C6E-E782-47DE-9CA2-1515CC2B24F3}.Debug|Any CPU.ActiveCfg = Debug|Any CPU
		{8E437C6E-E782-47DE-9CA2-1515CC2B24F3}.Debug|Any CPU.Build.0 = Debug|Any CPU
		{8E437C6E-E782-47DE-9CA2-1515CC2B24F3}.Release|Any CPU.ActiveCfg = Release|Any CPU
		{8E437C6E-E782-47DE-9CA2-1515CC2B24F3}.Release|Any CPU.Build.0 = Release|Any CPU
	EndGlobalSection
	GlobalSection(SolutionProperties) = preSolution
		HideSolutionNode = FALSE
	EndGlobalSection
	GlobalSection(ExtensibilityGlobals) = postSolution
		SolutionGuid = {80A6F490-8D2E-4C54-A897-1BFC21E36FAD}
	EndGlobalSection
EndGlobal
