
Microsoft Visual Studio Solution File, Format Version 12.00
# Visual Studio Version 17
VisualStudioVersion = 17.1.32228.430
MinimumVisualStudioVersion = 10.0.40219.1
Project("{FAE04EC0-301F-11D3-BF4B-00C04F79EFBC}") = "Ejercicio_I01", "Ejercicio_I01\Ejercicio_I01.csproj", "{89BAD634-DEA4-4364-AC8A-DAD8B094E975}"
EndProject
Project("{FAE04EC0-301F-11D3-BF4B-00C04F79EFBC}") = "Validador", "Validador\Validador.csproj", "{39797D24-C23A-4452-8DA9-DD0914030562}"
EndProject
Global
	GlobalSection(SolutionConfigurationPlatforms) = preSolution
		Debug|Any CPU = Debug|Any CPU
		Release|Any CPU = Release|Any CPU
	EndGlobalSection
	GlobalSection(ProjectConfigurationPlatforms) = postSolution
		{89BAD634-DEA4-4364-AC8A-DAD8B094E975}.Debug|Any CPU.ActiveCfg = Debug|Any CPU
		{89BAD634-DEA4-4364-AC8A-DAD8B094E975}.Debug|Any CPU.Build.0 = Debug|Any CPU
		{89BAD634-DEA4-4364-AC8A-DAD8B094E975}.Release|Any CPU.ActiveCfg = Release|Any CPU
		{89BAD634-DEA4-4364-AC8A-DAD8B094E975}.Release|Any CPU.Build.0 = Release|Any CPU
		{39797D24-C23A-4452-8DA9-DD0914030562}.Debug|Any CPU.ActiveCfg = Debug|Any CPU
		{39797D24-C23A-4452-8DA9-DD0914030562}.Debug|Any CPU.Build.0 = Debug|Any CPU
		{39797D24-C23A-4452-8DA9-DD0914030562}.Release|Any CPU.ActiveCfg = Release|Any CPU
		{39797D24-C23A-4452-8DA9-DD0914030562}.Release|Any CPU.Build.0 = Release|Any CPU
	EndGlobalSection
	GlobalSection(SolutionProperties) = preSolution
		HideSolutionNode = FALSE
	EndGlobalSection
	GlobalSection(ExtensibilityGlobals) = postSolution
		SolutionGuid = {0EE005F8-5CA6-4482-AA77-365774556B23}
	EndGlobalSection
EndGlobal
