
Microsoft Visual Studio Solution File, Format Version 12.00
# Visual Studio Version 17
VisualStudioVersion = 17.1.32328.378
MinimumVisualStudioVersion = 10.0.40219.1
Project("{FAE04EC0-301F-11D3-BF4B-00C04F79EFBC}") = "Ejercicio_I03_Clase3", "Ejercicio_I03_Clase3\Ejercicio_I03_Clase3.csproj", "{89D4A422-E063-493F-94E7-7565F2725049}"
EndProject
Project("{FAE04EC0-301F-11D3-BF4B-00C04F79EFBC}") = "Biblioteca", "Biblioteca\Biblioteca.csproj", "{9F9E38E9-AA8A-49CF-9301-86ABE21D2CF9}"
EndProject
Global
	GlobalSection(SolutionConfigurationPlatforms) = preSolution
		Debug|Any CPU = Debug|Any CPU
		Release|Any CPU = Release|Any CPU
	EndGlobalSection
	GlobalSection(ProjectConfigurationPlatforms) = postSolution
		{89D4A422-E063-493F-94E7-7565F2725049}.Debug|Any CPU.ActiveCfg = Debug|Any CPU
		{89D4A422-E063-493F-94E7-7565F2725049}.Debug|Any CPU.Build.0 = Debug|Any CPU
		{89D4A422-E063-493F-94E7-7565F2725049}.Release|Any CPU.ActiveCfg = Release|Any CPU
		{89D4A422-E063-493F-94E7-7565F2725049}.Release|Any CPU.Build.0 = Release|Any CPU
		{9F9E38E9-AA8A-49CF-9301-86ABE21D2CF9}.Debug|Any CPU.ActiveCfg = Debug|Any CPU
		{9F9E38E9-AA8A-49CF-9301-86ABE21D2CF9}.Debug|Any CPU.Build.0 = Debug|Any CPU
		{9F9E38E9-AA8A-49CF-9301-86ABE21D2CF9}.Release|Any CPU.ActiveCfg = Release|Any CPU
		{9F9E38E9-AA8A-49CF-9301-86ABE21D2CF9}.Release|Any CPU.Build.0 = Release|Any CPU
	EndGlobalSection
	GlobalSection(SolutionProperties) = preSolution
		HideSolutionNode = FALSE
	EndGlobalSection
	GlobalSection(ExtensibilityGlobals) = postSolution
		SolutionGuid = {1901105E-20CC-44F8-9322-FE3E8EF2A98F}
	EndGlobalSection
EndGlobal
